<?xml version="1.0" encoding="utf-8"?>
<Project ToolsVersion="4.0" xmlns="http://schemas.microsoft.com/developer/msbuild/2003">
  <ItemGroup>
    <Filter Include="Source Files">
      <UniqueIdentifier>{4FC737F1-C7A5-4376-A066-2A32D752A2FF}</UniqueIdentifier>
      <Extensions>cpp;c;cc;cxx;def;odl;idl;hpj;bat;asm;asmx</Extensions>
    </Filter>
    <Filter Include="Header Files">
      <UniqueIdentifier>{93995380-89BD-4b04-88EB-625FBE52EBFB}</UniqueIdentifier>
      <Extensions>h;hh;hpp;hxx;hm;inl;inc;xsd</Extensions>
    </Filter>
    <Filter Include="Resource Files">
      <UniqueIdentifier>{67DA6AB6-F800-4c08-8B7A-83BB121AAD01}</UniqueIdentifier>
      <Extensions>rc;ico;cur;bmp;dlg;rc2;rct;bin;rgs;gif;jpg;jpeg;jpe;resx;tiff;tif;png;wav</Extensions>
    </Filter>
  </ItemGroup>
  <ItemGroup>
    <ClCompile Include="CallbackTree.cpp">
      <Filter>Source Files</Filter>
    </ClCompile>
    <ClCompile Include="D2D1DrawFactory.cpp">
      <Filter>Source Files</Filter>
    </ClCompile>
    <ClCompile Include="DoubleThreadLock.cpp">
      <Filter>Source Files</Filter>
    </ClCompile>
    <ClCompile Include="DynamicGraphD2D1.cpp">
      <Filter>Source Files</Filter>
    </ClCompile>
    <ClCompile Include="FileResourceManager.cpp">
      <Filter>Source Files</Filter>
    </ClCompile>
    <ClCompile Include="GameObject2D.cpp">
      <Filter>Source Files</Filter>
    </ClCompile>
    <ClCompile Include="GridSelector.cpp">
      <Filter>Source Files</Filter>
    </ClCompile>
    <ClCompile Include="KeyFunctionMap.cpp">
      <Filter>Source Files</Filter>
    </ClCompile>
    <ClCompile Include="TextFormatFactory.cpp">
      <Filter>Source Files</Filter>
    </ClCompile>
    <ClCompile Include="TimeVariantObject.cpp">
      <Filter>Source Files</Filter>
    </ClCompile>
    <ClCompile Include="ClassDmsplayer.cpp">
      <Filter>Source Files</Filter>
    </ClCompile>
    <ClCompile Include="McsJudge.cpp">
      <Filter>Source Files</Filter>
    </ClCompile>
    <ClCompile Include="MathList.cpp">
      <Filter>Source Files</Filter>
    </ClCompile>
  </ItemGroup>
  <ItemGroup>
    <ClInclude Include="CallbackTree.h">
      <Filter>Header Files</Filter>
    </ClInclude>
    <ClInclude Include="D2D1DrawFactory.h">
      <Filter>Header Files</Filter>
    </ClInclude>
    <ClInclude Include="DoubleThreadLock.h">
      <Filter>Header Files</Filter>
    </ClInclude>
    <ClInclude Include="DynamicGraphD2D1.h">
      <Filter>Header Files</Filter>
    </ClInclude>
    <ClInclude Include="FastSchedule.h">
      <Filter>Header Files</Filter>
    </ClInclude>
    <ClInclude Include="FileResourceManager.h">
      <Filter>Header Files</Filter>
    </ClInclude>
    <ClInclude Include="GameObject2D.h">
      <Filter>Header Files</Filter>
    </ClInclude>
    <ClInclude Include="GridSelector.h">
      <Filter>Header Files</Filter>
    </ClInclude>
    <ClInclude Include="KeyFunctionMap.h">
      <Filter>Header Files</Filter>
    </ClInclude>
    <ClInclude Include="TextFormatFactory.h">
      <Filter>Header Files</Filter>
    </ClInclude>
    <ClInclude Include="TimeVariantObject.h">
      <Filter>Header Files</Filter>
    </ClInclude>
    <ClInclude Include="AwpSoftGameModule.h">
      <Filter>Header Files</Filter>
    </ClInclude>
    <ClInclude Include="McsJudge.h">
      <Filter>Header Files</Filter>
    </ClInclude>
    <ClInclude Include="MathList.h">
      <Filter>Header Files</Filter>
    </ClInclude>
    <ClInclude Include="ClassDmsplayer.h">
      <Filter>Header Files</Filter>
    </ClInclude>
  </ItemGroup>
</Project>